// !$*UTF8*$!
{
	archiveVersion = 1;
	classes = {
	};
	objectVersion = 55;
	objects = {

/* Begin PBXBuildFile section */
		D10C633428B795CF001F9A7A /* MainViewModelInput.swift in Sources */ = {isa = PBXBuildFile; fileRef = D10C633328B795CF001F9A7A /* MainViewModelInput.swift */; };
		D10C633728B7960D001F9A7A /* InfoVM.swift in Sources */ = {isa = PBXBuildFile; fileRef = D10C633628B7960D001F9A7A /* InfoVM.swift */; };
		D10C633928B7969B001F9A7A /* InfoVC.swift in Sources */ = {isa = PBXBuildFile; fileRef = D10C633828B7969B001F9A7A /* InfoVC.swift */; };
		D10C633B28B7A29C001F9A7A /* DetailInfoModel.swift in Sources */ = {isa = PBXBuildFile; fileRef = D10C633A28B7A29C001F9A7A /* DetailInfoModel.swift */; };
		D10C633F28B7F23F001F9A7A /* StretchyTableHeaderView.swift in Sources */ = {isa = PBXBuildFile; fileRef = D10C633E28B7F23F001F9A7A /* StretchyTableHeaderView.swift */; };
		D10C634328B82518001F9A7A /* InfoTableViewCell.swift in Sources */ = {isa = PBXBuildFile; fileRef = D10C634228B82518001F9A7A /* InfoTableViewCell.swift */; };
		D10C634828B83D26001F9A7A /* Links.swift in Sources */ = {isa = PBXBuildFile; fileRef = D10C634728B83D26001F9A7A /* Links.swift */; };
		D10C634B28B84C18001F9A7A /* FoundMovies.swift in Sources */ = {isa = PBXBuildFile; fileRef = D10C634A28B84C18001F9A7A /* FoundMovies.swift */; };
		D10C634E28B8571D001F9A7A /* SearchHeaderView.swift in Sources */ = {isa = PBXBuildFile; fileRef = D10C634D28B8571D001F9A7A /* SearchHeaderView.swift */; };
		D10C635028B861E5001F9A7A /* SearchedTableView.swift in Sources */ = {isa = PBXBuildFile; fileRef = D10C634F28B861E5001F9A7A /* SearchedTableView.swift */; };
		D10C635328B866AA001F9A7A /* SearchedTableViewCell.swift in Sources */ = {isa = PBXBuildFile; fileRef = D10C635228B866AA001F9A7A /* SearchedTableViewCell.swift */; };
		D129B60928B51CD0002EF9F5 /* MainCollectionViewCell.swift in Sources */ = {isa = PBXBuildFile; fileRef = D129B60828B51CD0002EF9F5 /* MainCollectionViewCell.swift */; };
		D132897928B90139004EB1CE /* ListTableViewContainer.swift in Sources */ = {isa = PBXBuildFile; fileRef = D132897828B90139004EB1CE /* ListTableViewContainer.swift */; };
		D132897D28B91694004EB1CE /* PageManagerCell.swift in Sources */ = {isa = PBXBuildFile; fileRef = D132897C28B91694004EB1CE /* PageManagerCell.swift */; };
		D132897F28B92DF0004EB1CE /* PageManagerCellDelegate.swift in Sources */ = {isa = PBXBuildFile; fileRef = D132897E28B92DF0004EB1CE /* PageManagerCellDelegate.swift */; };
		D1C34D0228B3C3EB005F138C /* AppDelegate.swift in Sources */ = {isa = PBXBuildFile; fileRef = D1C34D0128B3C3EB005F138C /* AppDelegate.swift */; };
		D1C34D0428B3C3EB005F138C /* SceneDelegate.swift in Sources */ = {isa = PBXBuildFile; fileRef = D1C34D0328B3C3EB005F138C /* SceneDelegate.swift */; };
		D1C34D0628B3C3EB005F138C /* MainVC.swift in Sources */ = {isa = PBXBuildFile; fileRef = D1C34D0528B3C3EB005F138C /* MainVC.swift */; };
		D1C34D0B28B3C3EE005F138C /* Assets.xcassets in Resources */ = {isa = PBXBuildFile; fileRef = D1C34D0A28B3C3EE005F138C /* Assets.xcassets */; };
		D1C34D0E28B3C3EE005F138C /* LaunchScreen.storyboard in Resources */ = {isa = PBXBuildFile; fileRef = D1C34D0C28B3C3EE005F138C /* LaunchScreen.storyboard */; };
		D1C34D1928B3C97D005F138C /* Coordinator.swift in Sources */ = {isa = PBXBuildFile; fileRef = D1C34D1828B3C97D005F138C /* Coordinator.swift */; };
		D1C34D1C28B3CA0A005F138C /* CoordinatorType.swift in Sources */ = {isa = PBXBuildFile; fileRef = D1C34D1B28B3CA0A005F138C /* CoordinatorType.swift */; };
		D1C34D1E28B3CA6B005F138C /* CoordinatorFinishDelegate.swift in Sources */ = {isa = PBXBuildFile; fileRef = D1C34D1D28B3CA6B005F138C /* CoordinatorFinishDelegate.swift */; };
		D1C34D2028B3CAF1005F138C /* TabBarCoordinatorProtocol.swift in Sources */ = {isa = PBXBuildFile; fileRef = D1C34D1F28B3CAF1005F138C /* TabBarCoordinatorProtocol.swift */; };
		D1C34D2228B3CB56005F138C /* TabBarPage.swift in Sources */ = {isa = PBXBuildFile; fileRef = D1C34D2128B3CB56005F138C /* TabBarPage.swift */; };
		D1C34D2428B3CC66005F138C /* TabBarCoordinator.swift in Sources */ = {isa = PBXBuildFile; fileRef = D1C34D2328B3CC66005F138C /* TabBarCoordinator.swift */; };
		D1C34D2728B3CD52005F138C /* BuilderProtocol.swift in Sources */ = {isa = PBXBuildFile; fileRef = D1C34D2628B3CD52005F138C /* BuilderProtocol.swift */; };
		D1C34D2A28B3CE72005F138C /* MainVM.swift in Sources */ = {isa = PBXBuildFile; fileRef = D1C34D2928B3CE72005F138C /* MainVM.swift */; };
		D1C34D2C28B3D2F7005F138C /* AppCoordinator.swift in Sources */ = {isa = PBXBuildFile; fileRef = D1C34D2B28B3D2F7005F138C /* AppCoordinator.swift */; };
		D1C34D2E28B3D305005F138C /* AppCoordinatorProtocol.swift in Sources */ = {isa = PBXBuildFile; fileRef = D1C34D2D28B3D305005F138C /* AppCoordinatorProtocol.swift */; };
		D1C34D3128B3D663005F138C /* Builder.swift in Sources */ = {isa = PBXBuildFile; fileRef = D1C34D3028B3D663005F138C /* Builder.swift */; };
		D1C34D3528B3D787005F138C /* SearchVM.swift in Sources */ = {isa = PBXBuildFile; fileRef = D1C34D3428B3D787005F138C /* SearchVM.swift */; };
		D1C34D3728B3D7C7005F138C /* SearchVC.swift in Sources */ = {isa = PBXBuildFile; fileRef = D1C34D3628B3D7C7005F138C /* SearchVC.swift */; };
		D1C34D3A28B3D9E1005F138C /* NetworkService.swift in Sources */ = {isa = PBXBuildFile; fileRef = D1C34D3928B3D9E1005F138C /* NetworkService.swift */; };
		D1C34D3C28B3DB29005F138C /* HTTPMethod.swift in Sources */ = {isa = PBXBuildFile; fileRef = D1C34D3B28B3DB29005F138C /* HTTPMethod.swift */; };
		D1C34D3E28B3DD7F005F138C /* NetworkDataFetcher.swift in Sources */ = {isa = PBXBuildFile; fileRef = D1C34D3D28B3DD7F005F138C /* NetworkDataFetcher.swift */; };
		D1C34D4128B3E0E1005F138C /* MainModel.swift in Sources */ = {isa = PBXBuildFile; fileRef = D1C34D4028B3E0E1005F138C /* MainModel.swift */; };
		D1C34D4528B3F91E005F138C /* CollectionBackgroundView.swift in Sources */ = {isa = PBXBuildFile; fileRef = D1C34D4428B3F91E005F138C /* CollectionBackgroundView.swift */; };
		D1C34D4728B40590005F138C /* LayoutCreator.swift in Sources */ = {isa = PBXBuildFile; fileRef = D1C34D4628B40590005F138C /* LayoutCreator.swift */; };
		D1C4748828B6C6DE00D4CF1A /* CachedImageView.swift in Sources */ = {isa = PBXBuildFile; fileRef = D1C4748728B6C6DE00D4CF1A /* CachedImageView.swift */; };
		D1D0852228B8F9000076C233 /* SearchViewModelInput.swift in Sources */ = {isa = PBXBuildFile; fileRef = D1D0852128B8F9000076C233 /* SearchViewModelInput.swift */; };
		D1D0852528B8F9710076C233 /* NetworkServiceProtocol.swift in Sources */ = {isa = PBXBuildFile; fileRef = D1D0852428B8F9710076C233 /* NetworkServiceProtocol.swift */; };
		D1D0852728B8F9880076C233 /* NetworkDataFetcherProtocol.swift in Sources */ = {isa = PBXBuildFile; fileRef = D1D0852628B8F9880076C233 /* NetworkDataFetcherProtocol.swift */; };
		D1D0852928B8FA0C0076C233 /* InfoViewModelInput.swift in Sources */ = {isa = PBXBuildFile; fileRef = D1D0852828B8FA0C0076C233 /* InfoViewModelInput.swift */; };
		D1D0852B28B8FB260076C233 /* ListVM.swift in Sources */ = {isa = PBXBuildFile; fileRef = D1D0852A28B8FB260076C233 /* ListVM.swift */; };
		D1D0852F28B8FB5D0076C233 /* ListVC.swift in Sources */ = {isa = PBXBuildFile; fileRef = D1D0852E28B8FB5D0076C233 /* ListVC.swift */; };
		D1ED83AF28B87BA600B9D71A /* ShowMoreTableViewCell.swift in Sources */ = {isa = PBXBuildFile; fileRef = D1ED83AE28B87BA600B9D71A /* ShowMoreTableViewCell.swift */; };
/* End PBXBuildFile section */

/* Begin PBXFileReference section */
		D10C633328B795CF001F9A7A /* MainViewModelInput.swift */ = {isa = PBXFileReference; lastKnownFileType = sourcecode.swift; path = MainViewModelInput.swift; sourceTree = "<group>"; };
		D10C633628B7960D001F9A7A /* InfoVM.swift */ = {isa = PBXFileReference; lastKnownFileType = sourcecode.swift; path = InfoVM.swift; sourceTree = "<group>"; };
		D10C633828B7969B001F9A7A /* InfoVC.swift */ = {isa = PBXFileReference; lastKnownFileType = sourcecode.swift; path = InfoVC.swift; sourceTree = "<group>"; };
		D10C633A28B7A29C001F9A7A /* DetailInfoModel.swift */ = {isa = PBXFileReference; lastKnownFileType = sourcecode.swift; path = DetailInfoModel.swift; sourceTree = "<group>"; };
		D10C633E28B7F23F001F9A7A /* StretchyTableHeaderView.swift */ = {isa = PBXFileReference; lastKnownFileType = sourcecode.swift; path = StretchyTableHeaderView.swift; sourceTree = "<group>"; };
		D10C634228B82518001F9A7A /* InfoTableViewCell.swift */ = {isa = PBXFileReference; lastKnownFileType = sourcecode.swift; path = InfoTableViewCell.swift; sourceTree = "<group>"; };
		D10C634728B83D26001F9A7A /* Links.swift */ = {isa = PBXFileReference; lastKnownFileType = sourcecode.swift; path = Links.swift; sourceTree = "<group>"; };
		D10C634A28B84C18001F9A7A /* FoundMovies.swift */ = {isa = PBXFileReference; lastKnownFileType = sourcecode.swift; path = FoundMovies.swift; sourceTree = "<group>"; };
		D10C634D28B8571D001F9A7A /* SearchHeaderView.swift */ = {isa = PBXFileReference; lastKnownFileType = sourcecode.swift; path = SearchHeaderView.swift; sourceTree = "<group>"; };
		D10C634F28B861E5001F9A7A /* SearchedTableView.swift */ = {isa = PBXFileReference; lastKnownFileType = sourcecode.swift; path = SearchedTableView.swift; sourceTree = "<group>"; };
		D10C635228B866AA001F9A7A /* SearchedTableViewCell.swift */ = {isa = PBXFileReference; lastKnownFileType = sourcecode.swift; path = SearchedTableViewCell.swift; sourceTree = "<group>"; };
		D129B60828B51CD0002EF9F5 /* MainCollectionViewCell.swift */ = {isa = PBXFileReference; lastKnownFileType = sourcecode.swift; path = MainCollectionViewCell.swift; sourceTree = "<group>"; };
		D132897828B90139004EB1CE /* ListTableViewContainer.swift */ = {isa = PBXFileReference; lastKnownFileType = sourcecode.swift; path = ListTableViewContainer.swift; sourceTree = "<group>"; };
		D132897C28B91694004EB1CE /* PageManagerCell.swift */ = {isa = PBXFileReference; lastKnownFileType = sourcecode.swift; path = PageManagerCell.swift; sourceTree = "<group>"; };
		D132897E28B92DF0004EB1CE /* PageManagerCellDelegate.swift */ = {isa = PBXFileReference; lastKnownFileType = sourcecode.swift; path = PageManagerCellDelegate.swift; sourceTree = "<group>"; };
		D1C34CFE28B3C3EB005F138C /* QuantronSystems.app */ = {isa = PBXFileReference; explicitFileType = wrapper.application; includeInIndex = 0; path = QuantronSystems.app; sourceTree = BUILT_PRODUCTS_DIR; };
		D1C34D0128B3C3EB005F138C /* AppDelegate.swift */ = {isa = PBXFileReference; lastKnownFileType = sourcecode.swift; path = AppDelegate.swift; sourceTree = "<group>"; };
		D1C34D0328B3C3EB005F138C /* SceneDelegate.swift */ = {isa = PBXFileReference; lastKnownFileType = sourcecode.swift; path = SceneDelegate.swift; sourceTree = "<group>"; };
		D1C34D0528B3C3EB005F138C /* MainVC.swift */ = {isa = PBXFileReference; lastKnownFileType = sourcecode.swift; path = MainVC.swift; sourceTree = "<group>"; };
		D1C34D0A28B3C3EE005F138C /* Assets.xcassets */ = {isa = PBXFileReference; lastKnownFileType = folder.assetcatalog; path = Assets.xcassets; sourceTree = "<group>"; };
		D1C34D0D28B3C3EE005F138C /* Base */ = {isa = PBXFileReference; lastKnownFileType = file.storyboard; name = Base; path = Base.lproj/LaunchScreen.storyboard; sourceTree = "<group>"; };
		D1C34D0F28B3C3EE005F138C /* Info.plist */ = {isa = PBXFileReference; lastKnownFileType = text.plist.xml; path = Info.plist; sourceTree = "<group>"; };
		D1C34D1828B3C97D005F138C /* Coordinator.swift */ = {isa = PBXFileReference; lastKnownFileType = sourcecode.swift; path = Coordinator.swift; sourceTree = "<group>"; };
		D1C34D1B28B3CA0A005F138C /* CoordinatorType.swift */ = {isa = PBXFileReference; lastKnownFileType = sourcecode.swift; path = CoordinatorType.swift; sourceTree = "<group>"; };
		D1C34D1D28B3CA6B005F138C /* CoordinatorFinishDelegate.swift */ = {isa = PBXFileReference; lastKnownFileType = sourcecode.swift; path = CoordinatorFinishDelegate.swift; sourceTree = "<group>"; };
		D1C34D1F28B3CAF1005F138C /* TabBarCoordinatorProtocol.swift */ = {isa = PBXFileReference; lastKnownFileType = sourcecode.swift; path = TabBarCoordinatorProtocol.swift; sourceTree = "<group>"; };
		D1C34D2128B3CB56005F138C /* TabBarPage.swift */ = {isa = PBXFileReference; lastKnownFileType = sourcecode.swift; path = TabBarPage.swift; sourceTree = "<group>"; };
		D1C34D2328B3CC66005F138C /* TabBarCoordinator.swift */ = {isa = PBXFileReference; lastKnownFileType = sourcecode.swift; path = TabBarCoordinator.swift; sourceTree = "<group>"; };
		D1C34D2628B3CD52005F138C /* BuilderProtocol.swift */ = {isa = PBXFileReference; lastKnownFileType = sourcecode.swift; path = BuilderProtocol.swift; sourceTree = "<group>"; };
		D1C34D2928B3CE72005F138C /* MainVM.swift */ = {isa = PBXFileReference; lastKnownFileType = sourcecode.swift; path = MainVM.swift; sourceTree = "<group>"; };
		D1C34D2B28B3D2F7005F138C /* AppCoordinator.swift */ = {isa = PBXFileReference; lastKnownFileType = sourcecode.swift; path = AppCoordinator.swift; sourceTree = "<group>"; };
		D1C34D2D28B3D305005F138C /* AppCoordinatorProtocol.swift */ = {isa = PBXFileReference; lastKnownFileType = sourcecode.swift; path = AppCoordinatorProtocol.swift; sourceTree = "<group>"; };
		D1C34D3028B3D663005F138C /* Builder.swift */ = {isa = PBXFileReference; lastKnownFileType = sourcecode.swift; path = Builder.swift; sourceTree = "<group>"; };
		D1C34D3428B3D787005F138C /* SearchVM.swift */ = {isa = PBXFileReference; lastKnownFileType = sourcecode.swift; path = SearchVM.swift; sourceTree = "<group>"; };
		D1C34D3628B3D7C7005F138C /* SearchVC.swift */ = {isa = PBXFileReference; lastKnownFileType = sourcecode.swift; path = SearchVC.swift; sourceTree = "<group>"; };
		D1C34D3928B3D9E1005F138C /* NetworkService.swift */ = {isa = PBXFileReference; lastKnownFileType = sourcecode.swift; path = NetworkService.swift; sourceTree = "<group>"; };
		D1C34D3B28B3DB29005F138C /* HTTPMethod.swift */ = {isa = PBXFileReference; lastKnownFileType = sourcecode.swift; path = HTTPMethod.swift; sourceTree = "<group>"; };
		D1C34D3D28B3DD7F005F138C /* NetworkDataFetcher.swift */ = {isa = PBXFileReference; lastKnownFileType = sourcecode.swift; path = NetworkDataFetcher.swift; sourceTree = "<group>"; };
		D1C34D4028B3E0E1005F138C /* MainModel.swift */ = {isa = PBXFileReference; lastKnownFileType = sourcecode.swift; path = MainModel.swift; sourceTree = "<group>"; };
		D1C34D4428B3F91E005F138C /* CollectionBackgroundView.swift */ = {isa = PBXFileReference; lastKnownFileType = sourcecode.swift; path = CollectionBackgroundView.swift; sourceTree = "<group>"; };
		D1C34D4628B40590005F138C /* LayoutCreator.swift */ = {isa = PBXFileReference; lastKnownFileType = sourcecode.swift; path = LayoutCreator.swift; sourceTree = "<group>"; };
		D1C4748728B6C6DE00D4CF1A /* CachedImageView.swift */ = {isa = PBXFileReference; lastKnownFileType = sourcecode.swift; path = CachedImageView.swift; sourceTree = "<group>"; };
		D1D0852128B8F9000076C233 /* SearchViewModelInput.swift */ = {isa = PBXFileReference; lastKnownFileType = sourcecode.swift; path = SearchViewModelInput.swift; sourceTree = "<group>"; };
		D1D0852428B8F9710076C233 /* NetworkServiceProtocol.swift */ = {isa = PBXFileReference; lastKnownFileType = sourcecode.swift; path = NetworkServiceProtocol.swift; sourceTree = "<group>"; };
		D1D0852628B8F9880076C233 /* NetworkDataFetcherProtocol.swift */ = {isa = PBXFileReference; lastKnownFileType = sourcecode.swift; path = NetworkDataFetcherProtocol.swift; sourceTree = "<group>"; };
		D1D0852828B8FA0C0076C233 /* InfoViewModelInput.swift */ = {isa = PBXFileReference; lastKnownFileType = sourcecode.swift; path = InfoViewModelInput.swift; sourceTree = "<group>"; };
		D1D0852A28B8FB260076C233 /* ListVM.swift */ = {isa = PBXFileReference; lastKnownFileType = sourcecode.swift; path = ListVM.swift; sourceTree = "<group>"; };
		D1D0852E28B8FB5D0076C233 /* ListVC.swift */ = {isa = PBXFileReference; lastKnownFileType = sourcecode.swift; path = ListVC.swift; sourceTree = "<group>"; };
		D1ED83AE28B87BA600B9D71A /* ShowMoreTableViewCell.swift */ = {isa = PBXFileReference; lastKnownFileType = sourcecode.swift; path = ShowMoreTableViewCell.swift; sourceTree = "<group>"; };
/* End PBXFileReference section */

/* Begin PBXFrameworksBuildPhase section */
		D1C34CFB28B3C3EB005F138C /* Frameworks */ = {
			isa = PBXFrameworksBuildPhase;
			buildActionMask = 2147483647;
			files = (
			);
			runOnlyForDeploymentPostprocessing = 0;
		};
/* End PBXFrameworksBuildPhase section */

/* Begin PBXGroup section */
		D10C633028B7958C001F9A7A /* InfoModule  */ = {
			isa = PBXGroup;
			children = (
				D10C633528B795F4001F9A7A /* ViewModels */,
				D10C633128B7959D001F9A7A /* Views */,
				D10C633C28B7B9AF001F9A7A /* Models */,
			);
			path = "InfoModule ";
			sourceTree = "<group>";
		};
		D10C633128B7959D001F9A7A /* Views */ = {
			isa = PBXGroup;
			children = (
				D10C633828B7969B001F9A7A /* InfoVC.swift */,
				D10C633E28B7F23F001F9A7A /* StretchyTableHeaderView.swift */,
				D10C634228B82518001F9A7A /* InfoTableViewCell.swift */,
			);
			path = Views;
			sourceTree = "<group>";
		};
		D10C633228B795AE001F9A7A /* ViewModels */ = {
			isa = PBXGroup;
			children = (
				D10C633328B795CF001F9A7A /* MainViewModelInput.swift */,
				D1C34D2928B3CE72005F138C /* MainVM.swift */,
			);
			path = ViewModels;
			sourceTree = "<group>";
		};
		D10C633528B795F4001F9A7A /* ViewModels */ = {
			isa = PBXGroup;
			children = (
				D1D0852828B8FA0C0076C233 /* InfoViewModelInput.swift */,
				D10C633628B7960D001F9A7A /* InfoVM.swift */,
			);
			path = ViewModels;
			sourceTree = "<group>";
		};
		D10C633C28B7B9AF001F9A7A /* Models */ = {
			isa = PBXGroup;
			children = (
				D10C633A28B7A29C001F9A7A /* DetailInfoModel.swift */,
			);
			path = Models;
			sourceTree = "<group>";
		};
		D10C633D28B7B9BB001F9A7A /* Models */ = {
			isa = PBXGroup;
			children = (
				D1C34D4028B3E0E1005F138C /* MainModel.swift */,
			);
			path = Models;
			sourceTree = "<group>";
		};
		D10C634428B83C0F001F9A7A /* ViewModels */ = {
			isa = PBXGroup;
			children = (
				D1D0852128B8F9000076C233 /* SearchViewModelInput.swift */,
				D1C34D3428B3D787005F138C /* SearchVM.swift */,
			);
			path = ViewModels;
			sourceTree = "<group>";
		};
		D10C634528B83C1B001F9A7A /* Views  */ = {
			isa = PBXGroup;
			children = (
				D1C34D3628B3D7C7005F138C /* SearchVC.swift */,
				D10C634D28B8571D001F9A7A /* SearchHeaderView.swift */,
				D10C634F28B861E5001F9A7A /* SearchedTableView.swift */,
				D10C635228B866AA001F9A7A /* SearchedTableViewCell.swift */,
				D1ED83AE28B87BA600B9D71A /* ShowMoreTableViewCell.swift */,
			);
			path = "Views ";
			sourceTree = "<group>";
		};
		D10C634628B83D03001F9A7A /* Models */ = {
			isa = PBXGroup;
			children = (
				D10C634728B83D26001F9A7A /* Links.swift */,
			);
			path = Models;
			sourceTree = "<group>";
		};
		D10C634928B84B35001F9A7A /* Models */ = {
			isa = PBXGroup;
			children = (
				D10C634A28B84C18001F9A7A /* FoundMovies.swift */,
			);
			path = Models;
			sourceTree = "<group>";
		};
		D1C34CF528B3C3EB005F138C = {
			isa = PBXGroup;
			children = (
				D1C34D0028B3C3EB005F138C /* QuantronSystems */,
				D1C34CFF28B3C3EB005F138C /* Products */,
			);
			sourceTree = "<group>";
		};
		D1C34CFF28B3C3EB005F138C /* Products */ = {
			isa = PBXGroup;
			children = (
				D1C34CFE28B3C3EB005F138C /* QuantronSystems.app */,
			);
			name = Products;
			sourceTree = "<group>";
		};
		D1C34D0028B3C3EB005F138C /* QuantronSystems */ = {
			isa = PBXGroup;
			children = (
				D1C34D1528B3C4BF005F138C /* App */,
				D1C34D2528B3CD32005F138C /* Builder */,
				D1C34D1728B3C550005F138C /* Coordinators */,
				D1C34D3828B3D9B1005F138C /* Networking */,
				D1C34D2828B3CE50005F138C /* MainModule  */,
				D1C34D3228B3D761005F138C /* SearchModule */,
				D1D0851E28B8F77B0076C233 /* ListModule */,
				D10C633028B7958C001F9A7A /* InfoModule  */,
				D10C634628B83D03001F9A7A /* Models */,
				D1C34D0C28B3C3EE005F138C /* LaunchScreen.storyboard */,
				D1C34D0A28B3C3EE005F138C /* Assets.xcassets */,
				D1C34D0F28B3C3EE005F138C /* Info.plist */,
			);
			path = QuantronSystems;
			sourceTree = "<group>";
		};
		D1C34D1528B3C4BF005F138C /* App */ = {
			isa = PBXGroup;
			children = (
				D1C34D0128B3C3EB005F138C /* AppDelegate.swift */,
				D1C34D0328B3C3EB005F138C /* SceneDelegate.swift */,
			);
			path = App;
			sourceTree = "<group>";
		};
		D1C34D1728B3C550005F138C /* Coordinators */ = {
			isa = PBXGroup;
			children = (
				D1C34D2B28B3D2F7005F138C /* AppCoordinator.swift */,
				D1C34D2328B3CC66005F138C /* TabBarCoordinator.swift */,
				D1C34D2F28B3D50A005F138C /* Enums */,
				D1C34D1A28B3C9EA005F138C /* Protocols */,
			);
			path = Coordinators;
			sourceTree = "<group>";
		};
		D1C34D1A28B3C9EA005F138C /* Protocols */ = {
			isa = PBXGroup;
			children = (
				D1C34D1828B3C97D005F138C /* Coordinator.swift */,
				D1C34D1D28B3CA6B005F138C /* CoordinatorFinishDelegate.swift */,
				D1C34D2D28B3D305005F138C /* AppCoordinatorProtocol.swift */,
				D1C34D1F28B3CAF1005F138C /* TabBarCoordinatorProtocol.swift */,
			);
			path = Protocols;
			sourceTree = "<group>";
		};
		D1C34D2528B3CD32005F138C /* Builder */ = {
			isa = PBXGroup;
			children = (
				D1C34D2628B3CD52005F138C /* BuilderProtocol.swift */,
				D1C34D3028B3D663005F138C /* Builder.swift */,
			);
			path = Builder;
			sourceTree = "<group>";
		};
		D1C34D2828B3CE50005F138C /* MainModule  */ = {
			isa = PBXGroup;
			children = (
				D10C633228B795AE001F9A7A /* ViewModels */,
				D1C34D4228B3E9E5005F138C /* Views */,
				D10C633D28B7B9BB001F9A7A /* Models */,
			);
			path = "MainModule ";
			sourceTree = "<group>";
		};
		D1C34D2F28B3D50A005F138C /* Enums */ = {
			isa = PBXGroup;
			children = (
				D1C34D2128B3CB56005F138C /* TabBarPage.swift */,
				D1C34D1B28B3CA0A005F138C /* CoordinatorType.swift */,
			);
			path = Enums;
			sourceTree = "<group>";
		};
		D1C34D3228B3D761005F138C /* SearchModule */ = {
			isa = PBXGroup;
			children = (
				D10C634428B83C0F001F9A7A /* ViewModels */,
				D10C634528B83C1B001F9A7A /* Views  */,
				D10C634928B84B35001F9A7A /* Models */,
			);
			path = SearchModule;
			sourceTree = "<group>";
		};
		D1C34D3828B3D9B1005F138C /* Networking */ = {
			isa = PBXGroup;
			children = (
				D1C34D3928B3D9E1005F138C /* NetworkService.swift */,
				D1C34D3D28B3DD7F005F138C /* NetworkDataFetcher.swift */,
				D1C4748728B6C6DE00D4CF1A /* CachedImageView.swift */,
				D1C34D3B28B3DB29005F138C /* HTTPMethod.swift */,
				D1D0852328B8F95D0076C233 /* Protocols */,
			);
			path = Networking;
			sourceTree = "<group>";
		};
		D1C34D4228B3E9E5005F138C /* Views */ = {
			isa = PBXGroup;
			children = (
				D1C34D0528B3C3EB005F138C /* MainVC.swift */,
				D1C34D4428B3F91E005F138C /* CollectionBackgroundView.swift */,
				D129B60828B51CD0002EF9F5 /* MainCollectionViewCell.swift */,
				D1C34D4628B40590005F138C /* LayoutCreator.swift */,
			);
			path = Views;
			sourceTree = "<group>";
		};
		D1D0851E28B8F77B0076C233 /* ListModule */ = {
			isa = PBXGroup;
			children = (
				D1D0852028B8F8DE0076C233 /* ViewModels */,
				D1D0851F28B8F8CD0076C233 /* Views */,
			);
			path = ListModule;
			sourceTree = "<group>";
		};
		D1D0851F28B8F8CD0076C233 /* Views */ = {
			isa = PBXGroup;
			children = (
				D1D0852E28B8FB5D0076C233 /* ListVC.swift */,
				D132897828B90139004EB1CE /* ListTableViewContainer.swift */,
				D132897C28B91694004EB1CE /* PageManagerCell.swift */,
				D132897E28B92DF0004EB1CE /* PageManagerCellDelegate.swift */,
			);
			path = Views;
			sourceTree = "<group>";
		};
		D1D0852028B8F8DE0076C233 /* ViewModels */ = {
			isa = PBXGroup;
			children = (
				D1D0852A28B8FB260076C233 /* ListVM.swift */,
			);
			path = ViewModels;
			sourceTree = "<group>";
		};
		D1D0852328B8F95D0076C233 /* Protocols */ = {
			isa = PBXGroup;
			children = (
				D1D0852428B8F9710076C233 /* NetworkServiceProtocol.swift */,
				D1D0852628B8F9880076C233 /* NetworkDataFetcherProtocol.swift */,
			);
			path = Protocols;
			sourceTree = "<group>";
		};
/* End PBXGroup section */

/* Begin PBXNativeTarget section */
		D1C34CFD28B3C3EB005F138C /* QuantronSystems */ = {
			isa = PBXNativeTarget;
			buildConfigurationList = D1C34D1228B3C3EE005F138C /* Build configuration list for PBXNativeTarget "QuantronSystems" */;
			buildPhases = (
				D1C34CFA28B3C3EB005F138C /* Sources */,
				D1C34CFB28B3C3EB005F138C /* Frameworks */,
				D1C34CFC28B3C3EB005F138C /* Resources */,
			);
			buildRules = (
			);
			dependencies = (
			);
			name = QuantronSystems;
			productName = QuantronSystems;
			productReference = D1C34CFE28B3C3EB005F138C /* QuantronSystems.app */;
			productType = "com.apple.product-type.application";
		};
/* End PBXNativeTarget section */

/* Begin PBXProject section */
		D1C34CF628B3C3EB005F138C /* Project object */ = {
			isa = PBXProject;
			attributes = {
				BuildIndependentTargetsInParallel = 1;
				LastSwiftUpdateCheck = 1330;
				LastUpgradeCheck = 1330;
				TargetAttributes = {
					D1C34CFD28B3C3EB005F138C = {
						CreatedOnToolsVersion = 13.3.1;
					};
				};
			};
			buildConfigurationList = D1C34CF928B3C3EB005F138C /* Build configuration list for PBXProject "QuantronSystems" */;
			compatibilityVersion = "Xcode 13.0";
			developmentRegion = en;
			hasScannedForEncodings = 0;
			knownRegions = (
				en,
				Base,
			);
			mainGroup = D1C34CF528B3C3EB005F138C;
			productRefGroup = D1C34CFF28B3C3EB005F138C /* Products */;
			projectDirPath = "";
			projectRoot = "";
			targets = (
				D1C34CFD28B3C3EB005F138C /* QuantronSystems */,
			);
		};
/* End PBXProject section */

/* Begin PBXResourcesBuildPhase section */
		D1C34CFC28B3C3EB005F138C /* Resources */ = {
			isa = PBXResourcesBuildPhase;
			buildActionMask = 2147483647;
			files = (
				D1C34D0E28B3C3EE005F138C /* LaunchScreen.storyboard in Resources */,
				D1C34D0B28B3C3EE005F138C /* Assets.xcassets in Resources */,
			);
			runOnlyForDeploymentPostprocessing = 0;
		};
/* End PBXResourcesBuildPhase section */

/* Begin PBXSourcesBuildPhase section */
		D1C34CFA28B3C3EB005F138C /* Sources */ = {
			isa = PBXSourcesBuildPhase;
			buildActionMask = 2147483647;
			files = (
				D1C34D2C28B3D2F7005F138C /* AppCoordinator.swift in Sources */,
				D10C635328B866AA001F9A7A /* SearchedTableViewCell.swift in Sources */,
				D1C34D2E28B3D305005F138C /* AppCoordinatorProtocol.swift in Sources */,
				D1C4748828B6C6DE00D4CF1A /* CachedImageView.swift in Sources */,
				D1C34D1928B3C97D005F138C /* Coordinator.swift in Sources */,
				D10C635028B861E5001F9A7A /* SearchedTableView.swift in Sources */,
				D10C633928B7969B001F9A7A /* InfoVC.swift in Sources */,
				D1C34D0628B3C3EB005F138C /* MainVC.swift in Sources */,
				D10C634B28B84C18001F9A7A /* FoundMovies.swift in Sources */,
				D1C34D4728B40590005F138C /* LayoutCreator.swift in Sources */,
				D10C633428B795CF001F9A7A /* MainViewModelInput.swift in Sources */,
				D1D0852928B8FA0C0076C233 /* InfoViewModelInput.swift in Sources */,
				D1C34D3C28B3DB29005F138C /* HTTPMethod.swift in Sources */,
				D1D0852528B8F9710076C233 /* NetworkServiceProtocol.swift in Sources */,
				D1C34D1E28B3CA6B005F138C /* CoordinatorFinishDelegate.swift in Sources */,
				D1C34D3A28B3D9E1005F138C /* NetworkService.swift in Sources */,
				D10C634828B83D26001F9A7A /* Links.swift in Sources */,
				D1D0852728B8F9880076C233 /* NetworkDataFetcherProtocol.swift in Sources */,
				D10C633728B7960D001F9A7A /* InfoVM.swift in Sources */,
				D1C34D3E28B3DD7F005F138C /* NetworkDataFetcher.swift in Sources */,
				D10C633F28B7F23F001F9A7A /* StretchyTableHeaderView.swift in Sources */,
				D1C34D0228B3C3EB005F138C /* AppDelegate.swift in Sources */,
				D1C34D4528B3F91E005F138C /* CollectionBackgroundView.swift in Sources */,
				D1C34D3528B3D787005F138C /* SearchVM.swift in Sources */,
				D10C633B28B7A29C001F9A7A /* DetailInfoModel.swift in Sources */,
				D1C34D2228B3CB56005F138C /* TabBarPage.swift in Sources */,
				D1C34D3728B3D7C7005F138C /* SearchVC.swift in Sources */,
				D1C34D2728B3CD52005F138C /* BuilderProtocol.swift in Sources */,
				D132897F28B92DF0004EB1CE /* PageManagerCellDelegate.swift in Sources */,
				D10C634328B82518001F9A7A /* InfoTableViewCell.swift in Sources */,
				D1C34D2428B3CC66005F138C /* TabBarCoordinator.swift in Sources */,
				D1D0852F28B8FB5D0076C233 /* ListVC.swift in Sources */,
				D1C34D3128B3D663005F138C /* Builder.swift in Sources */,
				D1C34D4128B3E0E1005F138C /* MainModel.swift in Sources */,
				D1ED83AF28B87BA600B9D71A /* ShowMoreTableViewCell.swift in Sources */,
				D1C34D2A28B3CE72005F138C /* MainVM.swift in Sources */,
				D1D0852228B8F9000076C233 /* SearchViewModelInput.swift in Sources */,
				D129B60928B51CD0002EF9F5 /* MainCollectionViewCell.swift in Sources */,
				D132897928B90139004EB1CE /* ListTableViewContainer.swift in Sources */,
				D10C634E28B8571D001F9A7A /* SearchHeaderView.swift in Sources */,
				D1C34D0428B3C3EB005F138C /* SceneDelegate.swift in Sources */,
				D132897D28B91694004EB1CE /* PageManagerCell.swift in Sources */,
				D1D0852B28B8FB260076C233 /* ListVM.swift in Sources */,
				D1C34D1C28B3CA0A005F138C /* CoordinatorType.swift in Sources */,
				D1C34D2028B3CAF1005F138C /* TabBarCoordinatorProtocol.swift in Sources */,
			);
			runOnlyForDeploymentPostprocessing = 0;
		};
/* End PBXSourcesBuildPhase section */

/* Begin PBXVariantGroup section */
		D1C34D0C28B3C3EE005F138C /* LaunchScreen.storyboard */ = {
			isa = PBXVariantGroup;
			children = (
				D1C34D0D28B3C3EE005F138C /* Base */,
			);
			name = LaunchScreen.storyboard;
			sourceTree = "<group>";
		};
/* End PBXVariantGroup section */

/* Begin XCBuildConfiguration section */
		D1C34D1028B3C3EE005F138C /* Debug */ = {
			isa = XCBuildConfiguration;
			buildSettings = {
				ALWAYS_SEARCH_USER_PATHS = NO;
				CLANG_ANALYZER_NONNULL = YES;
				CLANG_ANALYZER_NUMBER_OBJECT_CONVERSION = YES_AGGRESSIVE;
				CLANG_CXX_LANGUAGE_STANDARD = "gnu++17";
				CLANG_ENABLE_MODULES = YES;
				CLANG_ENABLE_OBJC_ARC = YES;
				CLANG_ENABLE_OBJC_WEAK = YES;
				CLANG_WARN_BLOCK_CAPTURE_AUTORELEASING = YES;
				CLANG_WARN_BOOL_CONVERSION = YES;
				CLANG_WARN_COMMA = YES;
				CLANG_WARN_CONSTANT_CONVERSION = YES;
				CLANG_WARN_DEPRECATED_OBJC_IMPLEMENTATIONS = YES;
				CLANG_WARN_DIRECT_OBJC_ISA_USAGE = YES_ERROR;
				CLANG_WARN_DOCUMENTATION_COMMENTS = YES;
				CLANG_WARN_EMPTY_BODY = YES;
				CLANG_WARN_ENUM_CONVERSION = YES;
				CLANG_WARN_INFINITE_RECURSION = YES;
				CLANG_WARN_INT_CONVERSION = YES;
				CLANG_WARN_NON_LITERAL_NULL_CONVERSION = YES;
				CLANG_WARN_OBJC_IMPLICIT_RETAIN_SELF = YES;
				CLANG_WARN_OBJC_LITERAL_CONVERSION = YES;
				CLANG_WARN_OBJC_ROOT_CLASS = YES_ERROR;
				CLANG_WARN_QUOTED_INCLUDE_IN_FRAMEWORK_HEADER = YES;
				CLANG_WARN_RANGE_LOOP_ANALYSIS = YES;
				CLANG_WARN_STRICT_PROTOTYPES = YES;
				CLANG_WARN_SUSPICIOUS_MOVE = YES;
				CLANG_WARN_UNGUARDED_AVAILABILITY = YES_AGGRESSIVE;
				CLANG_WARN_UNREACHABLE_CODE = YES;
				CLANG_WARN__DUPLICATE_METHOD_MATCH = YES;
				COPY_PHASE_STRIP = NO;
				DEBUG_INFORMATION_FORMAT = dwarf;
				ENABLE_STRICT_OBJC_MSGSEND = YES;
				ENABLE_TESTABILITY = YES;
				GCC_C_LANGUAGE_STANDARD = gnu11;
				GCC_DYNAMIC_NO_PIC = NO;
				GCC_NO_COMMON_BLOCKS = YES;
				GCC_OPTIMIZATION_LEVEL = 0;
				GCC_PREPROCESSOR_DEFINITIONS = (
					"DEBUG=1",
					"$(inherited)",
				);
				GCC_WARN_64_TO_32_BIT_CONVERSION = YES;
				GCC_WARN_ABOUT_RETURN_TYPE = YES_ERROR;
				GCC_WARN_UNDECLARED_SELECTOR = YES;
				GCC_WARN_UNINITIALIZED_AUTOS = YES_AGGRESSIVE;
				GCC_WARN_UNUSED_FUNCTION = YES;
				GCC_WARN_UNUSED_VARIABLE = YES;
				IPHONEOS_DEPLOYMENT_TARGET = 15.4;
				MTL_ENABLE_DEBUG_INFO = INCLUDE_SOURCE;
				MTL_FAST_MATH = YES;
				ONLY_ACTIVE_ARCH = YES;
				SDKROOT = iphoneos;
				SWIFT_ACTIVE_COMPILATION_CONDITIONS = DEBUG;
				SWIFT_OPTIMIZATION_LEVEL = "-Onone";
			};
			name = Debug;
		};
		D1C34D1128B3C3EE005F138C /* Release */ = {
			isa = XCBuildConfiguration;
			buildSettings = {
				ALWAYS_SEARCH_USER_PATHS = NO;
				CLANG_ANALYZER_NONNULL = YES;
				CLANG_ANALYZER_NUMBER_OBJECT_CONVERSION = YES_AGGRESSIVE;
				CLANG_CXX_LANGUAGE_STANDARD = "gnu++17";
				CLANG_ENABLE_MODULES = YES;
				CLANG_ENABLE_OBJC_ARC = YES;
				CLANG_ENABLE_OBJC_WEAK = YES;
				CLANG_WARN_BLOCK_CAPTURE_AUTORELEASING = YES;
				CLANG_WARN_BOOL_CONVERSION = YES;
				CLANG_WARN_COMMA = YES;
				CLANG_WARN_CONSTANT_CONVERSION = YES;
				CLANG_WARN_DEPRECATED_OBJC_IMPLEMENTATIONS = YES;
				CLANG_WARN_DIRECT_OBJC_ISA_USAGE = YES_ERROR;
				CLANG_WARN_DOCUMENTATION_COMMENTS = YES;
				CLANG_WARN_EMPTY_BODY = YES;
				CLANG_WARN_ENUM_CONVERSION = YES;
				CLANG_WARN_INFINITE_RECURSION = YES;
				CLANG_WARN_INT_CONVERSION = YES;
				CLANG_WARN_NON_LITERAL_NULL_CONVERSION = YES;
				CLANG_WARN_OBJC_IMPLICIT_RETAIN_SELF = YES;
				CLANG_WARN_OBJC_LITERAL_CONVERSION = YES;
				CLANG_WARN_OBJC_ROOT_CLASS = YES_ERROR;
				CLANG_WARN_QUOTED_INCLUDE_IN_FRAMEWORK_HEADER = YES;
				CLANG_WARN_RANGE_LOOP_ANALYSIS = YES;
				CLANG_WARN_STRICT_PROTOTYPES = YES;
				CLANG_WARN_SUSPICIOUS_MOVE = YES;
				CLANG_WARN_UNGUARDED_AVAILABILITY = YES_AGGRESSIVE;
				CLANG_WARN_UNREACHABLE_CODE = YES;
				CLANG_WARN__DUPLICATE_METHOD_MATCH = YES;
				COPY_PHASE_STRIP = NO;
				DEBUG_INFORMATION_FORMAT = "dwarf-with-dsym";
				ENABLE_NS_ASSERTIONS = NO;
				ENABLE_STRICT_OBJC_MSGSEND = YES;
				GCC_C_LANGUAGE_STANDARD = gnu11;
				GCC_NO_COMMON_BLOCKS = YES;
				GCC_WARN_64_TO_32_BIT_CONVERSION = YES;
				GCC_WARN_ABOUT_RETURN_TYPE = YES_ERROR;
				GCC_WARN_UNDECLARED_SELECTOR = YES;
				GCC_WARN_UNINITIALIZED_AUTOS = YES_AGGRESSIVE;
				GCC_WARN_UNUSED_FUNCTION = YES;
				GCC_WARN_UNUSED_VARIABLE = YES;
				IPHONEOS_DEPLOYMENT_TARGET = 15.4;
				MTL_ENABLE_DEBUG_INFO = NO;
				MTL_FAST_MATH = YES;
				SDKROOT = iphoneos;
				SWIFT_COMPILATION_MODE = wholemodule;
				SWIFT_OPTIMIZATION_LEVEL = "-O";
				VALIDATE_PRODUCT = YES;
			};
			name = Release;
		};
		D1C34D1328B3C3EE005F138C /* Debug */ = {
			isa = XCBuildConfiguration;
			buildSettings = {
				ASSETCATALOG_COMPILER_APPICON_NAME = AppIcon;
				ASSETCATALOG_COMPILER_GLOBAL_ACCENT_COLOR_NAME = AccentColor;
				CODE_SIGN_STYLE = Automatic;
				CURRENT_PROJECT_VERSION = 1;
				DEVELOPMENT_TEAM = 2R3SDV5V8D;
				GENERATE_INFOPLIST_FILE = YES;
				INFOPLIST_FILE = QuantronSystems/Info.plist;
				INFOPLIST_KEY_UIApplicationSupportsIndirectInputEvents = YES;
				INFOPLIST_KEY_UILaunchStoryboardName = LaunchScreen;
				INFOPLIST_KEY_UISupportedInterfaceOrientations = UIInterfaceOrientationPortrait;
				INFOPLIST_KEY_UISupportedInterfaceOrientations_iPad = "UIInterfaceOrientationPortrait UIInterfaceOrientationPortraitUpsideDown UIInterfaceOrientationLandscapeLeft UIInterfaceOrientationLandscapeRight";
				INFOPLIST_KEY_UISupportedInterfaceOrientations_iPhone = "UIInterfaceOrientationPortrait UIInterfaceOrientationLandscapeLeft UIInterfaceOrientationLandscapeRight";
				LD_RUNPATH_SEARCH_PATHS = (
					"$(inherited)",
					"@executable_path/Frameworks",
				);
				MARKETING_VERSION = 1.0;
				PRODUCT_BUNDLE_IDENTIFIER = nb.QuantronSystems;
				PRODUCT_NAME = "$(TARGET_NAME)";
				SWIFT_EMIT_LOC_STRINGS = YES;
				SWIFT_VERSION = 5.0;
				TARGETED_DEVICE_FAMILY = 1;
			};
			name = Debug;
		};
		D1C34D1428B3C3EE005F138C /* Release */ = {
			isa = XCBuildConfiguration;
			buildSettings = {
				ASSETCATALOG_COMPILER_APPICON_NAME = AppIcon;
				ASSETCATALOG_COMPILER_GLOBAL_ACCENT_COLOR_NAME = AccentColor;
				CODE_SIGN_STYLE = Automatic;
				CURRENT_PROJECT_VERSION = 1;
				DEVELOPMENT_TEAM = 2R3SDV5V8D;
				GENERATE_INFOPLIST_FILE = YES;
				INFOPLIST_FILE = QuantronSystems/Info.plist;
				INFOPLIST_KEY_UIApplicationSupportsIndirectInputEvents = YES;
				INFOPLIST_KEY_UILaunchStoryboardName = LaunchScreen;
				INFOPLIST_KEY_UISupportedInterfaceOrientations = UIInterfaceOrientationPortrait;
				INFOPLIST_KEY_UISupportedInterfaceOrientations_iPad = "UIInterfaceOrientationPortrait UIInterfaceOrientationPortraitUpsideDown UIInterfaceOrientationLandscapeLeft UIInterfaceOrientationLandscapeRight";
				INFOPLIST_KEY_UISupportedInterfaceOrientations_iPhone = "UIInterfaceOrientationPortrait UIInterfaceOrientationLandscapeLeft UIInterfaceOrientationLandscapeRight";
				LD_RUNPATH_SEARCH_PATHS = (
					"$(inherited)",
					"@executable_path/Frameworks",
				);
				MARKETING_VERSION = 1.0;
				PRODUCT_BUNDLE_IDENTIFIER = nb.QuantronSystems;
				PRODUCT_NAME = "$(TARGET_NAME)";
				SWIFT_EMIT_LOC_STRINGS = YES;
				SWIFT_VERSION = 5.0;
				TARGETED_DEVICE_FAMILY = 1;
			};
			name = Release;
		};
/* End XCBuildConfiguration section */

/* Begin XCConfigurationList section */
		D1C34CF928B3C3EB005F138C /* Build configuration list for PBXProject "QuantronSystems" */ = {
			isa = XCConfigurationList;
			buildConfigurations = (
				D1C34D1028B3C3EE005F138C /* Debug */,
				D1C34D1128B3C3EE005F138C /* Release */,
			);
			defaultConfigurationIsVisible = 0;
			defaultConfigurationName = Release;
		};
		D1C34D1228B3C3EE005F138C /* Build configuration list for PBXNativeTarget "QuantronSystems" */ = {
			isa = XCConfigurationList;
			buildConfigurations = (
				D1C34D1328B3C3EE005F138C /* Debug */,
				D1C34D1428B3C3EE005F138C /* Release */,
			);
			defaultConfigurationIsVisible = 0;
			defaultConfigurationName = Release;
		};
/* End XCConfigurationList section */
	};
	rootObject = D1C34CF628B3C3EB005F138C /* Project object */;
}
